// !$*UTF8*$!
{
	archiveVersion = 1;
	classes = {
	};
	objectVersion = 50;
	objects = {

/* Begin PBXBuildFile section */
		BF6AA19B266630AB001CD2CF /* MuseApp.swift in Sources */ = {isa = PBXBuildFile; fileRef = BF6AA19A266630AB001CD2CF /* MuseApp.swift */; };
		BF6AA19D266630AB001CD2CF /* ContentView.swift in Sources */ = {isa = PBXBuildFile; fileRef = BF6AA19C266630AB001CD2CF /* ContentView.swift */; };
		BF6AA19F266630AD001CD2CF /* Assets.xcassets in Resources */ = {isa = PBXBuildFile; fileRef = BF6AA19E266630AD001CD2CF /* Assets.xcassets */; };
		BF6AA1A2266630AD001CD2CF /* Preview Assets.xcassets in Resources */ = {isa = PBXBuildFile; fileRef = BF6AA1A1266630AD001CD2CF /* Preview Assets.xcassets */; };
		BF6AA1AA266630BC001CD2CF /* Model.swift in Sources */ = {isa = PBXBuildFile; fileRef = BF6AA1A9266630BC001CD2CF /* Model.swift */; };
		BF6AA1AC266633D0001CD2CF /* PlaylistView.swift in Sources */ = {isa = PBXBuildFile; fileRef = BF6AA1AB266633D0001CD2CF /* PlaylistView.swift */; };
		BF6AA1AE266633DB001CD2CF /* LibraryView.swift in Sources */ = {isa = PBXBuildFile; fileRef = BF6AA1AD266633DB001CD2CF /* LibraryView.swift */; };
		BF6AA1B0266634F4001CD2CF /* PlaylistCardView.swift in Sources */ = {isa = PBXBuildFile; fileRef = BF6AA1AF266634F4001CD2CF /* PlaylistCardView.swift */; };
		BF6AA1B2266638A8001CD2CF /* BlurView.swift in Sources */ = {isa = PBXBuildFile; fileRef = BF6AA1B1266638A8001CD2CF /* BlurView.swift */; };
		BF6AA1B5266640CC001CD2CF /* CornerRadius.swift in Sources */ = {isa = PBXBuildFile; fileRef = BF6AA1B4266640CC001CD2CF /* CornerRadius.swift */; };
/* End PBXBuildFile section */

/* Begin PBXFileReference section */
		BF6AA197266630AB001CD2CF /* Muse.app */ = {isa = PBXFileReference; explicitFileType = wrapper.application; includeInIndex = 0; path = Muse.app; sourceTree = BUILT_PRODUCTS_DIR; };
		BF6AA19A266630AB001CD2CF /* MuseApp.swift */ = {isa = PBXFileReference; lastKnownFileType = sourcecode.swift; path = MuseApp.swift; sourceTree = "<group>"; };
		BF6AA19C266630AB001CD2CF /* ContentView.swift */ = {isa = PBXFileReference; lastKnownFileType = sourcecode.swift; path = ContentView.swift; sourceTree = "<group>"; };
		BF6AA19E266630AD001CD2CF /* Assets.xcassets */ = {isa = PBXFileReference; lastKnownFileType = folder.assetcatalog; path = Assets.xcassets; sourceTree = "<group>"; };
		BF6AA1A1266630AD001CD2CF /* Preview Assets.xcassets */ = {isa = PBXFileReference; lastKnownFileType = folder.assetcatalog; path = "Preview Assets.xcassets"; sourceTree = "<group>"; };
		BF6AA1A3266630AD001CD2CF /* Info.plist */ = {isa = PBXFileReference; lastKnownFileType = text.plist.xml; path = Info.plist; sourceTree = "<group>"; };
		BF6AA1A9266630BC001CD2CF /* Model.swift */ = {isa = PBXFileReference; lastKnownFileType = sourcecode.swift; path = Model.swift; sourceTree = "<group>"; };
		BF6AA1AB266633D0001CD2CF /* PlaylistView.swift */ = {isa = PBXFileReference; lastKnownFileType = sourcecode.swift; path = PlaylistView.swift; sourceTree = "<group>"; };
		BF6AA1AD266633DB001CD2CF /* LibraryView.swift */ = {isa = PBXFileReference; lastKnownFileType = sourcecode.swift; path = LibraryView.swift; sourceTree = "<group>"; };
		BF6AA1AF266634F4001CD2CF /* PlaylistCardView.swift */ = {isa = PBXFileReference; lastKnownFileType = sourcecode.swift; path = PlaylistCardView.swift; sourceTree = "<group>"; };
		BF6AA1B1266638A8001CD2CF /* BlurView.swift */ = {isa = PBXFileReference; lastKnownFileType = sourcecode.swift; path = BlurView.swift; sourceTree = "<group>"; };
		BF6AA1B4266640CC001CD2CF /* CornerRadius.swift */ = {isa = PBXFileReference; lastKnownFileType = sourcecode.swift; path = CornerRadius.swift; sourceTree = "<group>"; };
/* End PBXFileReference section */

/* Begin PBXFrameworksBuildPhase section */
		BF6AA194266630AB001CD2CF /* Frameworks */ = {
			isa = PBXFrameworksBuildPhase;
			buildActionMask = 2147483647;
			files = (
			);
			runOnlyForDeploymentPostprocessing = 0;
		};
/* End PBXFrameworksBuildPhase section */

/* Begin PBXGroup section */
		BF6AA18E266630AB001CD2CF = {
			isa = PBXGroup;
			children = (
				BF6AA199266630AB001CD2CF /* Muse */,
				BF6AA198266630AB001CD2CF /* Products */,
			);
			sourceTree = "<group>";
		};
		BF6AA198266630AB001CD2CF /* Products */ = {
			isa = PBXGroup;
			children = (
				BF6AA197266630AB001CD2CF /* Muse.app */,
			);
			name = Products;
			sourceTree = "<group>";
		};
		BF6AA199266630AB001CD2CF /* Muse */ = {
			isa = PBXGroup;
			children = (
				BF6AA19A266630AB001CD2CF /* MuseApp.swift */,
				BF6AA1B4266640CC001CD2CF /* CornerRadius.swift */,
				BF6AA1B326663AAF001CD2CF /* Views */,
				BF6AA1A9266630BC001CD2CF /* Model.swift */,
				BF6AA19E266630AD001CD2CF /* Assets.xcassets */,
				BF6AA1A3266630AD001CD2CF /* Info.plist */,
				BF6AA1A0266630AD001CD2CF /* Preview Content */,
			);
			path = Muse;
			sourceTree = "<group>";
		};
		BF6AA1A0266630AD001CD2CF /* Preview Content */ = {
			isa = PBXGroup;
			children = (
				BF6AA1A1266630AD001CD2CF /* Preview Assets.xcassets */,
			);
			path = "Preview Content";
			sourceTree = "<group>";
		};
		BF6AA1B326663AAF001CD2CF /* Views */ = {
			isa = PBXGroup;
			children = (
				BF6AA19C266630AB001CD2CF /* ContentView.swift */,
				BF6AA1AB266633D0001CD2CF /* PlaylistView.swift */,
				BF6AA1AF266634F4001CD2CF /* PlaylistCardView.swift */,
				BF6AA1AD266633DB001CD2CF /* LibraryView.swift */,
				BF6AA1B1266638A8001CD2CF /* BlurView.swift */,
			);
			path = Views;
			sourceTree = "<group>";
		};
/* End PBXGroup section */

/* Begin PBXNativeTarget section */
		BF6AA196266630AB001CD2CF /* Muse */ = {
			isa = PBXNativeTarget;
			buildConfigurationList = BF6AA1A6266630AD001CD2CF /* Build configuration list for PBXNativeTarget "Muse" */;
			buildPhases = (
				BF6AA193266630AB001CD2CF /* Sources */,
				BF6AA194266630AB001CD2CF /* Frameworks */,
				BF6AA195266630AB001CD2CF /* Resources */,
			);
			buildRules = (
			);
			dependencies = (
			);
			name = Muse;
			productName = Muse;
			productReference = BF6AA197266630AB001CD2CF /* Muse.app */;
			productType = "com.apple.product-type.application";
		};
/* End PBXNativeTarget section */

/* Begin PBXProject section */
		BF6AA18F266630AB001CD2CF /* Project object */ = {
			isa = PBXProject;
			attributes = {
				LastSwiftUpdateCheck = 1250;
				LastUpgradeCheck = 1250;
				TargetAttributes = {
					BF6AA196266630AB001CD2CF = {
						CreatedOnToolsVersion = 12.5;
					};
				};
			};
			buildConfigurationList = BF6AA192266630AB001CD2CF /* Build configuration list for PBXProject "Muse" */;
			compatibilityVersion = "Xcode 9.3";
			developmentRegion = en;
			hasScannedForEncodings = 0;
			knownRegions = (
				en,
				Base,
			);
			mainGroup = BF6AA18E266630AB001CD2CF;
			productRefGroup = BF6AA198266630AB001CD2CF /* Products */;
			projectDirPath = "";
			projectRoot = "";
			targets = (
				BF6AA196266630AB001CD2CF /* Muse */,
			);
		};
/* End PBXProject section */

/* Begin PBXResourcesBuildPhase section */
		BF6AA195266630AB001CD2CF /* Resources */ = {
			isa = PBXResourcesBuildPhase;
			buildActionMask = 2147483647;
			files = (
				BF6AA1A2266630AD001CD2CF /* Preview Assets.xcassets in Resources */,
				BF6AA19F266630AD001CD2CF /* Assets.xcassets in Resources */,
			);
			runOnlyForDeploymentPostprocessing = 0;
		};
/* End PBXResourcesBuildPhase section */

/* Begin PBXSourcesBuildPhase section */
		BF6AA193266630AB001CD2CF /* Sources */ = {
			isa = PBXSourcesBuildPhase;
			buildActionMask = 2147483647;
			files = (
				BF6AA1AA266630BC001CD2CF /* Model.swift in Sources */,
				BF6AA1B2266638A8001CD2CF /* BlurView.swift in Sources */,
				BF6AA19D266630AB001CD2CF /* ContentView.swift in Sources */,
				BF6AA1B0266634F4001CD2CF /* PlaylistCardView.swift in Sources */,
				BF6AA1AC266633D0001CD2CF /* PlaylistView.swift in Sources */,
				BF6AA1AE266633DB001CD2CF /* LibraryView.swift in Sources */,
				BF6AA1B5266640CC001CD2CF /* CornerRadius.swift in Sources */,
				BF6AA19B266630AB001CD2CF /* MuseApp.swift in Sources */,
			);
			runOnlyForDeploymentPostprocessing = 0;
		};
/* End PBXSourcesBuildPhase section */

/* Begin XCBuildConfiguration section */
		BF6AA1A4266630AD001CD2CF /* Debug */ = {
			isa = XCBuildConfiguration;
			buildSettings = {
				ALWAYS_SEARCH_USER_PATHS = NO;
				CLANG_ANALYZER_NONNULL = YES;
				CLANG_ANALYZER_NUMBER_OBJECT_CONVERSION = YES_AGGRESSIVE;
				CLANG_CXX_LANGUAGE_STANDARD = "gnu++14";
				CLANG_CXX_LIBRARY = "libc++";
				CLANG_ENABLE_MODULES = YES;
				CLANG_ENABLE_OBJC_ARC = YES;
				CLANG_ENABLE_OBJC_WEAK = YES;
				CLANG_WARN_BLOCK_CAPTURE_AUTORELEASING = YES;
				CLANG_WARN_BOOL_CONVERSION = YES;
				CLANG_WARN_COMMA = YES;
				CLANG_WARN_CONSTANT_CONVERSION = YES;
				CLANG_WARN_DEPRECATED_OBJC_IMPLEMENTATIONS = YES;
				CLANG_WARN_DIRECT_OBJC_ISA_USAGE = YES_ERROR;
				CLANG_WARN_DOCUMENTATION_COMMENTS = YES;
				CLANG_WARN_EMPTY_BODY = YES;
				CLANG_WARN_ENUM_CONVERSION = YES;
				CLANG_WARN_INFINITE_RECURSION = YES;
				CLANG_WARN_INT_CONVERSION = YES;
				CLANG_WARN_NON_LITERAL_NULL_CONVERSION = YES;
				CLANG_WARN_OBJC_IMPLICIT_RETAIN_SELF = YES;
				CLANG_WARN_OBJC_LITERAL_CONVERSION = YES;
				CLANG_WARN_OBJC_ROOT_CLASS = YES_ERROR;
				CLANG_WARN_QUOTED_INCLUDE_IN_FRAMEWORK_HEADER = YES;
				CLANG_WARN_RANGE_LOOP_ANALYSIS = YES;
				CLANG_WARN_STRICT_PROTOTYPES = YES;
				CLANG_WARN_SUSPICIOUS_MOVE = YES;
				CLANG_WARN_UNGUARDED_AVAILABILITY = YES_AGGRESSIVE;
				CLANG_WARN_UNREACHABLE_CODE = YES;
				CLANG_WARN__DUPLICATE_METHOD_MATCH = YES;
				COPY_PHASE_STRIP = NO;
				DEBUG_INFORMATION_FORMAT = dwarf;
				ENABLE_STRICT_OBJC_MSGSEND = YES;
				ENABLE_TESTABILITY = YES;
				GCC_C_LANGUAGE_STANDARD = gnu11;
				GCC_DYNAMIC_NO_PIC = NO;
				GCC_NO_COMMON_BLOCKS = YES;
				GCC_OPTIMIZATION_LEVEL = 0;
				GCC_PREPROCESSOR_DEFINITIONS = (
					"DEBUG=1",
					"$(inherited)",
				);
				GCC_WARN_64_TO_32_BIT_CONVERSION = YES;
				GCC_WARN_ABOUT_RETURN_TYPE = YES_ERROR;
				GCC_WARN_UNDECLARED_SELECTOR = YES;
				GCC_WARN_UNINITIALIZED_AUTOS = YES_AGGRESSIVE;
				GCC_WARN_UNUSED_FUNCTION = YES;
				GCC_WARN_UNUSED_VARIABLE = YES;
				IPHONEOS_DEPLOYMENT_TARGET = 14.5;
				MTL_ENABLE_DEBUG_INFO = INCLUDE_SOURCE;
				MTL_FAST_MATH = YES;
				ONLY_ACTIVE_ARCH = YES;
				SDKROOT = iphoneos;
				SWIFT_ACTIVE_COMPILATION_CONDITIONS = DEBUG;
				SWIFT_OPTIMIZATION_LEVEL = "-Onone";
			};
			name = Debug;
		};
		BF6AA1A5266630AD001CD2CF /* Release */ = {
			isa = XCBuildConfiguration;
			buildSettings = {
				ALWAYS_SEARCH_USER_PATHS = NO;
				CLANG_ANALYZER_NONNULL = YES;
				CLANG_ANALYZER_NUMBER_OBJECT_CONVERSION = YES_AGGRESSIVE;
				CLANG_CXX_LANGUAGE_STANDARD = "gnu++14";
				CLANG_CXX_LIBRARY = "libc++";
				CLANG_ENABLE_MODULES = YES;
				CLANG_ENABLE_OBJC_ARC = YES;
				CLANG_ENABLE_OBJC_WEAK = YES;
				CLANG_WARN_BLOCK_CAPTURE_AUTORELEASING = YES;
				CLANG_WARN_BOOL_CONVERSION = YES;
				CLANG_WARN_COMMA = YES;
				CLANG_WARN_CONSTANT_CONVERSION = YES;
				CLANG_WARN_DEPRECATED_OBJC_IMPLEMENTATIONS = YES;
				CLANG_WARN_DIRECT_OBJC_ISA_USAGE = YES_ERROR;
				CLANG_WARN_DOCUMENTATION_COMMENTS = YES;
				CLANG_WARN_EMPTY_BODY = YES;
				CLANG_WARN_ENUM_CONVERSION = YES;
				CLANG_WARN_INFINITE_RECURSION = YES;
				CLANG_WARN_INT_CONVERSION = YES;
				CLANG_WARN_NON_LITERAL_NULL_CONVERSION = YES;
				CLANG_WARN_OBJC_IMPLICIT_RETAIN_SELF = YES;
				CLANG_WARN_OBJC_LITERAL_CONVERSION = YES;
				CLANG_WARN_OBJC_ROOT_CLASS = YES_ERROR;
				CLANG_WARN_QUOTED_INCLUDE_IN_FRAMEWORK_HEADER = YES;
				CLANG_WARN_RANGE_LOOP_ANALYSIS = YES;
				CLANG_WARN_STRICT_PROTOTYPES = YES;
				CLANG_WARN_SUSPICIOUS_MOVE = YES;
				CLANG_WARN_UNGUARDED_AVAILABILITY = YES_AGGRESSIVE;
				CLANG_WARN_UNREACHABLE_CODE = YES;
				CLANG_WARN__DUPLICATE_METHOD_MATCH = YES;
				COPY_PHASE_STRIP = NO;
				DEBUG_INFORMATION_FORMAT = "dwarf-with-dsym";
				ENABLE_NS_ASSERTIONS = NO;
				ENABLE_STRICT_OBJC_MSGSEND = YES;
				GCC_C_LANGUAGE_STANDARD = gnu11;
				GCC_NO_COMMON_BLOCKS = YES;
				GCC_WARN_64_TO_32_BIT_CONVERSION = YES;
				GCC_WARN_ABOUT_RETURN_TYPE = YES_ERROR;
				GCC_WARN_UNDECLARED_SELECTOR = YES;
				GCC_WARN_UNINITIALIZED_AUTOS = YES_AGGRESSIVE;
				GCC_WARN_UNUSED_FUNCTION = YES;
				GCC_WARN_UNUSED_VARIABLE = YES;
				IPHONEOS_DEPLOYMENT_TARGET = 14.5;
				MTL_ENABLE_DEBUG_INFO = NO;
				MTL_FAST_MATH = YES;
				SDKROOT = iphoneos;
				SWIFT_COMPILATION_MODE = wholemodule;
				SWIFT_OPTIMIZATION_LEVEL = "-O";
				VALIDATE_PRODUCT = YES;
			};
			name = Release;
		};
		BF6AA1A7266630AD001CD2CF /* Debug */ = {
			isa = XCBuildConfiguration;
			buildSettings = {
				ASSETCATALOG_COMPILER_APPICON_NAME = AppIcon;
				ASSETCATALOG_COMPILER_GLOBAL_ACCENT_COLOR_NAME = AccentColor;
				CODE_SIGN_STYLE = Automatic;
				DEVELOPMENT_ASSET_PATHS = "\"Muse/Preview Content\"";
				DEVELOPMENT_TEAM = N492VC6PS9;
				ENABLE_PREVIEWS = YES;
				INFOPLIST_FILE = Muse/Info.plist;
				IPHONEOS_DEPLOYMENT_TARGET = 14.0;
				LD_RUNPATH_SEARCH_PATHS = (
					"$(inherited)",
					"@executable_path/Frameworks",
				);
				PRODUCT_BUNDLE_IDENTIFIER = com.dzhiphop.Muse;
				PRODUCT_NAME = "$(TARGET_NAME)";
				SWIFT_VERSION = 5.0;
				TARGETED_DEVICE_FAMILY = "1,2";
			};
			name = Debug;
		};
		BF6AA1A8266630AD001CD2CF /* Release */ = {
			isa = XCBuildConfiguration;
			buildSettings = {
				ASSETCATALOG_COMPILER_APPICON_NAME = AppIcon;
				ASSETCATALOG_COMPILER_GLOBAL_ACCENT_COLOR_NAME = AccentColor;
				CODE_SIGN_STYLE = Automatic;
				DEVELOPMENT_ASSET_PATHS = "\"Muse/Preview Content\"";
				DEVELOPMENT_TEAM = N492VC6PS9;
				ENABLE_PREVIEWS = YES;
				INFOPLIST_FILE = Muse/Info.plist;
				IPHONEOS_DEPLOYMENT_TARGET = 14.0;
				LD_RUNPATH_SEARCH_PATHS = (
					"$(inherited)",
					"@executable_path/Frameworks",
				);
				PRODUCT_BUNDLE_IDENTIFIER = com.dzhiphop.Muse;
				PRODUCT_NAME = "$(TARGET_NAME)";
				SWIFT_VERSION = 5.0;
				TARGETED_DEVICE_FAMILY = "1,2";
			};
			name = Release;
		};
/* End XCBuildConfiguration section */

/* Begin XCConfigurationList section */
		BF6AA192266630AB001CD2CF /* Build configuration list for PBXProject "Muse" */ = {
			isa = XCConfigurationList;
			buildConfigurations = (
				BF6AA1A4266630AD001CD2CF /* Debug */,
				BF6AA1A5266630AD001CD2CF /* Release */,
			);
			defaultConfigurationIsVisible = 0;
			defaultConfigurationName = Release;
		};
		BF6AA1A6266630AD001CD2CF /* Build configuration list for PBXNativeTarget "Muse" */ = {
			isa = XCConfigurationList;
			buildConfigurations = (
				BF6AA1A7266630AD001CD2CF /* Debug */,
				BF6AA1A8266630AD001CD2CF /* Release */,
			);
			defaultConfigurationIsVisible = 0;
			defaultConfigurationName = Release;
		};
/* End XCConfigurationList section */
	};
	rootObject = BF6AA18F266630AB001CD2CF /* Project object */;
}
